
Microsoft Visual Studio Solution File, Format Version 12.00
# Visual Studio Version 16
VisualStudioVersion = 16.0.30002.166
MinimumVisualStudioVersion = 10.0.40219.1
Project("{FAE04EC0-301F-11D3-BF4B-00C04F79EFBC}") = "AuroraFFXIVPlugin", "AuroraFFXIVPlugin\AuroraFFXIVPlugin.csproj", "{F361ED51-672D-4597-90F0-0B857DB3FFB2}"
EndProject
Global
	GlobalSection(SolutionConfigurationPlatforms) = preSolution
		Debug|Any CPU = Debug|Any CPU
		Debug|x64 = Debug|x64
		Release|Any CPU = Release|Any CPU
		Release|x64 = Release|x64
	EndGlobalSection
	GlobalSection(ProjectConfigurationPlatforms) = postSolution
		{F361ED51-672D-4597-90F0-0B857DB3FFB2}.Debug|Any CPU.ActiveCfg = Debug|Any CPU
		{F361ED51-672D-4597-90F0-0B857DB3FFB2}.Debug|Any CPU.Build.0 = Debug|Any CPU
		{F361ED51-672D-4597-90F0-0B857DB3FFB2}.Debug|x64.ActiveCfg = Debug|x64
		{F361ED51-672D-4597-90F0-0B857DB3FFB2}.Debug|x64.Build.0 = Debug|x64
		{F361ED51-672D-4597-90F0-0B857DB3FFB2}.Release|Any CPU.ActiveCfg = Release|Any CPU
		{F361ED51-672D-4597-90F0-0B857DB3FFB2}.Release|Any CPU.Build.0 = Release|Any CPU
		{F361ED51-672D-4597-90F0-0B857DB3FFB2}.Release|x64.ActiveCfg = Release|x64
		{F361ED51-672D-4597-90F0-0B857DB3FFB2}.Release|x64.Build.0 = Release|x64
	EndGlobalSection
	GlobalSection(SolutionProperties) = preSolution
		HideSolutionNode = FALSE
	EndGlobalSection
	GlobalSection(ExtensibilityGlobals) = postSolution
		SolutionGuid = {274EF086-2D0C-4FDC-BC78-55C9927D8D03}
	EndGlobalSection
EndGlobal
